
Microsoft Visual Studio Solution File, Format Version 12.00
# Visual Studio Version 17
VisualStudioVersion = 17.10.34928.147
MinimumVisualStudioVersion = 10.0.40219.1
Project("{9092AA53-FB77-4645-B42D-1CCCA6BD08BD}") = "quickSort", "quickSort.njsproj", "{98164F1C-2F55-41D2-A5CC-58E346522F26}"
EndProject
Global
	GlobalSection(SolutionConfigurationPlatforms) = preSolution
		Debug|Any CPU = Debug|Any CPU
		Release|Any CPU = Release|Any CPU
	EndGlobalSection
	GlobalSection(ProjectConfigurationPlatforms) = postSolution
		{98164F1C-2F55-41D2-A5CC-58E346522F26}.Debug|Any CPU.ActiveCfg = Debug|Any CPU
		{98164F1C-2F55-41D2-A5CC-58E346522F26}.Debug|Any CPU.Build.0 = Debug|Any CPU
		{98164F1C-2F55-41D2-A5CC-58E346522F26}.Release|Any CPU.ActiveCfg = Release|Any CPU
		{98164F1C-2F55-41D2-A5CC-58E346522F26}.Release|Any CPU.Build.0 = Release|Any CPU
	EndGlobalSection
	GlobalSection(SolutionProperties) = preSolution
		HideSolutionNode = FALSE
	EndGlobalSection
	GlobalSection(ExtensibilityGlobals) = postSolution
		SolutionGuid = {DF7FE7EF-6EDF-4A79-8083-06B0822A0E6B}
	EndGlobalSection
EndGlobal
