
Microsoft Visual Studio Solution File, Format Version 12.00
# Visual Studio Version 17
VisualStudioVersion = 17.11.35103.136
MinimumVisualStudioVersion = 10.0.40219.1
Project("{9092AA53-FB77-4645-B42D-1CCCA6BD08BD}") = "SIMULADORNIVEL1", "SIMULADORNIVEL1\SIMULADORNIVEL1.njsproj", "{CDA97852-A205-41BD-B7DA-70F55BCA61C2}"
EndProject
Global
	GlobalSection(SolutionConfigurationPlatforms) = preSolution
		Debug|Any CPU = Debug|Any CPU
		Release|Any CPU = Release|Any CPU
	EndGlobalSection
	GlobalSection(ProjectConfigurationPlatforms) = postSolution
		{CDA97852-A205-41BD-B7DA-70F55BCA61C2}.Debug|Any CPU.ActiveCfg = Debug|Any CPU
		{CDA97852-A205-41BD-B7DA-70F55BCA61C2}.Debug|Any CPU.Build.0 = Debug|Any CPU
		{CDA97852-A205-41BD-B7DA-70F55BCA61C2}.Release|Any CPU.ActiveCfg = Release|Any CPU
		{CDA97852-A205-41BD-B7DA-70F55BCA61C2}.Release|Any CPU.Build.0 = Release|Any CPU
	EndGlobalSection
	GlobalSection(SolutionProperties) = preSolution
		HideSolutionNode = FALSE
	EndGlobalSection
	GlobalSection(ExtensibilityGlobals) = postSolution
		SolutionGuid = {528020F4-9ADD-4985-A476-CED1DD89A248}
	EndGlobalSection
EndGlobal
