
Microsoft Visual Studio Solution File, Format Version 12.00
# Visual Studio Version 17
VisualStudioVersion = 17.12.35527.113
MinimumVisualStudioVersion = 10.0.40219.1
Project("{FAE04EC0-301F-11D3-BF4B-00C04F79EFBC}") = "ApiPizzaria", "ApiPizzaria.csproj", "{48C806FC-FF9F-433A-98B4-0AD98838E800}"
EndProject
Project("{FAE04EC0-301F-11D3-BF4B-00C04F79EFBC}") = "ApiPizzaria.Tests", "..\ApiPizzaria.Tests\ApiPizzaria.Tests.csproj", "{2C9D0B9A-9710-4A7B-8BAD-369C4350057C}"
EndProject
Global
	GlobalSection(SolutionConfigurationPlatforms) = preSolution
		Debug|Any CPU = Debug|Any CPU
		Release|Any CPU = Release|Any CPU
	EndGlobalSection
	GlobalSection(ProjectConfigurationPlatforms) = postSolution
		{48C806FC-FF9F-433A-98B4-0AD98838E800}.Debug|Any CPU.ActiveCfg = Debug|Any CPU
		{48C806FC-FF9F-433A-98B4-0AD98838E800}.Debug|Any CPU.Build.0 = Debug|Any CPU
		{48C806FC-FF9F-433A-98B4-0AD98838E800}.Release|Any CPU.ActiveCfg = Release|Any CPU
		{48C806FC-FF9F-433A-98B4-0AD98838E800}.Release|Any CPU.Build.0 = Release|Any CPU
		{2C9D0B9A-9710-4A7B-8BAD-369C4350057C}.Debug|Any CPU.ActiveCfg = Debug|Any CPU
		{2C9D0B9A-9710-4A7B-8BAD-369C4350057C}.Debug|Any CPU.Build.0 = Debug|Any CPU
		{2C9D0B9A-9710-4A7B-8BAD-369C4350057C}.Release|Any CPU.ActiveCfg = Release|Any CPU
		{2C9D0B9A-9710-4A7B-8BAD-369C4350057C}.Release|Any CPU.Build.0 = Release|Any CPU
	EndGlobalSection
	GlobalSection(SolutionProperties) = preSolution
		HideSolutionNode = FALSE
	EndGlobalSection
EndGlobal
