
Microsoft Visual Studio Solution File, Format Version 12.00
# Visual Studio Version 17
VisualStudioVersion = 17.10.34928.147
MinimumVisualStudioVersion = 10.0.40219.1
Project("{9092AA53-FB77-4645-B42D-1CCCA6BD08BD}") = "TelosNf", "TelosNf.njsproj", "{09ED4FF9-D5A4-4A5E-9C86-1D174DD7D837}"
EndProject
Global
	GlobalSection(SolutionConfigurationPlatforms) = preSolution
		Debug|Any CPU = Debug|Any CPU
		Release|Any CPU = Release|Any CPU
	EndGlobalSection
	GlobalSection(ProjectConfigurationPlatforms) = postSolution
		{09ED4FF9-D5A4-4A5E-9C86-1D174DD7D837}.Debug|Any CPU.ActiveCfg = Debug|Any CPU
		{09ED4FF9-D5A4-4A5E-9C86-1D174DD7D837}.Debug|Any CPU.Build.0 = Debug|Any CPU
		{09ED4FF9-D5A4-4A5E-9C86-1D174DD7D837}.Release|Any CPU.ActiveCfg = Release|Any CPU
		{09ED4FF9-D5A4-4A5E-9C86-1D174DD7D837}.Release|Any CPU.Build.0 = Release|Any CPU
	EndGlobalSection
	GlobalSection(SolutionProperties) = preSolution
		HideSolutionNode = FALSE
	EndGlobalSection
	GlobalSection(ExtensibilityGlobals) = postSolution
		SolutionGuid = {8C75ED28-75D7-44AF-92B1-6E3327C98905}
	EndGlobalSection
EndGlobal
