
Microsoft Visual Studio Solution File, Format Version 12.00
# Visual Studio Version 17
VisualStudioVersion = 17.10.34928.147
MinimumVisualStudioVersion = 10.0.40219.1
Project("{9092AA53-FB77-4645-B42D-1CCCA6BD08BD}") = "Listas Ligadas", "Listas Ligadas.njsproj", "{44614044-7D3B-4460-8B67-7BF79C0759A6}"
EndProject
Global
	GlobalSection(SolutionConfigurationPlatforms) = preSolution
		Debug|Any CPU = Debug|Any CPU
		Release|Any CPU = Release|Any CPU
	EndGlobalSection
	GlobalSection(ProjectConfigurationPlatforms) = postSolution
		{44614044-7D3B-4460-8B67-7BF79C0759A6}.Debug|Any CPU.ActiveCfg = Debug|Any CPU
		{44614044-7D3B-4460-8B67-7BF79C0759A6}.Debug|Any CPU.Build.0 = Debug|Any CPU
		{44614044-7D3B-4460-8B67-7BF79C0759A6}.Release|Any CPU.ActiveCfg = Release|Any CPU
		{44614044-7D3B-4460-8B67-7BF79C0759A6}.Release|Any CPU.Build.0 = Release|Any CPU
	EndGlobalSection
	GlobalSection(SolutionProperties) = preSolution
		HideSolutionNode = FALSE
	EndGlobalSection
	GlobalSection(ExtensibilityGlobals) = postSolution
		SolutionGuid = {82370909-E132-4074-8DCC-7CC89063D1B0}
	EndGlobalSection
EndGlobal
